// !$*UTF8*$!
{
	archiveVersion = 1;
	classes = {
	};
	objectVersion = 48;
	objects = {

/* Begin PBXBuildFile section */
		265B4D362F031A6C68D98923 /* Pods_V_ROOT_IOT.framework in Frameworks */ = {isa = PBXBuildFile; fileRef = F56D6C49D625008E92FCD0E4 /* Pods_V_ROOT_IOT.framework */; };
		3A4C1C402038202B0071D095 /* AppDelegate.swift in Sources */ = {isa = PBXBuildFile; fileRef = 3A4C1C3F2038202B0071D095 /* AppDelegate.swift */; };
		3A4C1C422038202B0071D095 /* ViewController.swift in Sources */ = {isa = PBXBuildFile; fileRef = 3A4C1C412038202B0071D095 /* ViewController.swift */; };
		3A4C1C452038202B0071D095 /* Main.storyboard in Resources */ = {isa = PBXBuildFile; fileRef = 3A4C1C432038202B0071D095 /* Main.storyboard */; };
		3A4C1C482038202B0071D095 /* V_ROOT_IOT.xcdatamodeld in Sources */ = {isa = PBXBuildFile; fileRef = 3A4C1C462038202B0071D095 /* V_ROOT_IOT.xcdatamodeld */; };
		3A4C1C4A2038202B0071D095 /* Assets.xcassets in Resources */ = {isa = PBXBuildFile; fileRef = 3A4C1C492038202B0071D095 /* Assets.xcassets */; };
		3A4C1C4D2038202B0071D095 /* LaunchScreen.storyboard in Resources */ = {isa = PBXBuildFile; fileRef = 3A4C1C4B2038202B0071D095 /* LaunchScreen.storyboard */; };
/* End PBXBuildFile section */

/* Begin PBXFileReference section */
		10788EB31637DA08162ECB5D /* Pods-V_ROOT_IOT.debug.xcconfig */ = {isa = PBXFileReference; includeInIndex = 1; lastKnownFileType = text.xcconfig; name = "Pods-V_ROOT_IOT.debug.xcconfig"; path = "Pods/Target Support Files/Pods-V_ROOT_IOT/Pods-V_ROOT_IOT.debug.xcconfig"; sourceTree = "<group>"; };
		3A4C1C3C2038202B0071D095 /* V_ROOT_IOT.app */ = {isa = PBXFileReference; explicitFileType = wrapper.application; includeInIndex = 0; path = V_ROOT_IOT.app; sourceTree = BUILT_PRODUCTS_DIR; };
		3A4C1C3F2038202B0071D095 /* AppDelegate.swift */ = {isa = PBXFileReference; lastKnownFileType = sourcecode.swift; path = AppDelegate.swift; sourceTree = "<group>"; };
		3A4C1C412038202B0071D095 /* ViewController.swift */ = {isa = PBXFileReference; lastKnownFileType = sourcecode.swift; path = ViewController.swift; sourceTree = "<group>"; };
		3A4C1C442038202B0071D095 /* Base */ = {isa = PBXFileReference; lastKnownFileType = file.storyboard; name = Base; path = Base.lproj/Main.storyboard; sourceTree = "<group>"; };
		3A4C1C472038202B0071D095 /* V_ROOT_IOT.xcdatamodel */ = {isa = PBXFileReference; lastKnownFileType = wrapper.xcdatamodel; path = V_ROOT_IOT.xcdatamodel; sourceTree = "<group>"; };
		3A4C1C492038202B0071D095 /* Assets.xcassets */ = {isa = PBXFileReference; lastKnownFileType = folder.assetcatalog; path = Assets.xcassets; sourceTree = "<group>"; };
		3A4C1C4C2038202B0071D095 /* Base */ = {isa = PBXFileReference; lastKnownFileType = file.storyboard; name = Base; path = Base.lproj/LaunchScreen.storyboard; sourceTree = "<group>"; };
		3A4C1C4E2038202B0071D095 /* Info.plist */ = {isa = PBXFileReference; lastKnownFileType = text.plist.xml; path = Info.plist; sourceTree = "<group>"; };
		4ED241BADD204CA3FE2F9E2E /* Pods-V_ROOT_IOT.release.xcconfig */ = {isa = PBXFileReference; includeInIndex = 1; lastKnownFileType = text.xcconfig; name = "Pods-V_ROOT_IOT.release.xcconfig"; path = "Pods/Target Support Files/Pods-V_ROOT_IOT/Pods-V_ROOT_IOT.release.xcconfig"; sourceTree = "<group>"; };
		F56D6C49D625008E92FCD0E4 /* Pods_V_ROOT_IOT.framework */ = {isa = PBXFileReference; explicitFileType = wrapper.framework; includeInIndex = 0; path = Pods_V_ROOT_IOT.framework; sourceTree = BUILT_PRODUCTS_DIR; };
/* End PBXFileReference section */

/* Begin PBXFrameworksBuildPhase section */
		3A4C1C392038202B0071D095 /* Frameworks */ = {
			isa = PBXFrameworksBuildPhase;
			buildActionMask = 2147483647;
			files = (
				265B4D362F031A6C68D98923 /* Pods_V_ROOT_IOT.framework in Frameworks */,
			);
			runOnlyForDeploymentPostprocessing = 0;
		};
/* End PBXFrameworksBuildPhase section */

/* Begin PBXGroup section */
		3A4C1C332038202B0071D095 = {
			isa = PBXGroup;
			children = (
				3A4C1C3E2038202B0071D095 /* V_ROOT_IOT */,
				3A4C1C3D2038202B0071D095 /* Products */,
				A6FD1E4BEECBBFFE330CCF9B /* Pods */,
				CC85E353C4428EB819781D00 /* Frameworks */,
			);
			sourceTree = "<group>";
		};
		3A4C1C3D2038202B0071D095 /* Products */ = {
			isa = PBXGroup;
			children = (
				3A4C1C3C2038202B0071D095 /* V_ROOT_IOT.app */,
			);
			name = Products;
			sourceTree = "<group>";
		};
		3A4C1C3E2038202B0071D095 /* V_ROOT_IOT */ = {
			isa = PBXGroup;
			children = (
				3A4C1C3F2038202B0071D095 /* AppDelegate.swift */,
				3A4C1C412038202B0071D095 /* ViewController.swift */,
				3A4C1C432038202B0071D095 /* Main.storyboard */,
				3A4C1C492038202B0071D095 /* Assets.xcassets */,
				3A4C1C4B2038202B0071D095 /* LaunchScreen.storyboard */,
				3A4C1C4E2038202B0071D095 /* Info.plist */,
				3A4C1C462038202B0071D095 /* V_ROOT_IOT.xcdatamodeld */,
			);
			path = V_ROOT_IOT;
			sourceTree = "<group>";
		};
		A6FD1E4BEECBBFFE330CCF9B /* Pods */ = {
			isa = PBXGroup;
			children = (
				10788EB31637DA08162ECB5D /* Pods-V_ROOT_IOT.debug.xcconfig */,
				4ED241BADD204CA3FE2F9E2E /* Pods-V_ROOT_IOT.release.xcconfig */,
			);
			name = Pods;
			sourceTree = "<group>";
		};
		CC85E353C4428EB819781D00 /* Frameworks */ = {
			isa = PBXGroup;
			children = (
				F56D6C49D625008E92FCD0E4 /* Pods_V_ROOT_IOT.framework */,
			);
			name = Frameworks;
			sourceTree = "<group>";
		};
/* End PBXGroup section */

/* Begin PBXNativeTarget section */
		3A4C1C3B2038202B0071D095 /* V_ROOT_IOT */ = {
			isa = PBXNativeTarget;
			buildConfigurationList = 3A4C1C512038202B0071D095 /* Build configuration list for PBXNativeTarget "V_ROOT_IOT" */;
			buildPhases = (
				9AA0273EA9F0D1A23B47E280 /* [CP] Check Pods Manifest.lock */,
				3A4C1C382038202B0071D095 /* Sources */,
				3A4C1C392038202B0071D095 /* Frameworks */,
				3A4C1C3A2038202B0071D095 /* Resources */,
				DB4CAD0FCFC6564B421E1BAE /* [CP] Embed Pods Frameworks */,
				066F218826535CE0C7D7C982 /* [CP] Copy Pods Resources */,
			);
			buildRules = (
			);
			dependencies = (
			);
			name = V_ROOT_IOT;
			productName = V_ROOT_IOT;
			productReference = 3A4C1C3C2038202B0071D095 /* V_ROOT_IOT.app */;
			productType = "com.apple.product-type.application";
		};
/* End PBXNativeTarget section */

/* Begin PBXProject section */
		3A4C1C342038202B0071D095 /* Project object */ = {
			isa = PBXProject;
			attributes = {
				LastSwiftUpdateCheck = 0920;
				LastUpgradeCheck = 0920;
				ORGANIZATIONNAME = "Alex Vihlayew";
				TargetAttributes = {
					3A4C1C3B2038202B0071D095 = {
						CreatedOnToolsVersion = 9.2;
						ProvisioningStyle = Automatic;
					};
				};
			};
			buildConfigurationList = 3A4C1C372038202B0071D095 /* Build configuration list for PBXProject "V_ROOT_IOT" */;
			compatibilityVersion = "Xcode 8.0";
			developmentRegion = en;
			hasScannedForEncodings = 0;
			knownRegions = (
				en,
				Base,
			);
			mainGroup = 3A4C1C332038202B0071D095;
			productRefGroup = 3A4C1C3D2038202B0071D095 /* Products */;
			projectDirPath = "";
			projectRoot = "";
			targets = (
				3A4C1C3B2038202B0071D095 /* V_ROOT_IOT */,
			);
		};
/* End PBXProject section */

/* Begin PBXResourcesBuildPhase section */
		3A4C1C3A2038202B0071D095 /* Resources */ = {
			isa = PBXResourcesBuildPhase;
			buildActionMask = 2147483647;
			files = (
				3A4C1C4D2038202B0071D095 /* LaunchScreen.storyboard in Resources */,
				3A4C1C4A2038202B0071D095 /* Assets.xcassets in Resources */,
				3A4C1C452038202B0071D095 /* Main.storyboard in Resources */,
			);
			runOnlyForDeploymentPostprocessing = 0;
		};
/* End PBXResourcesBuildPhase section */

/* Begin PBXShellScriptBuildPhase section */
		066F218826535CE0C7D7C982 /* [CP] Copy Pods Resources */ = {
			isa = PBXShellScriptBuildPhase;
			buildActionMask = 2147483647;
			files = (
			);
			inputPaths = (
			);
			name = "[CP] Copy Pods Resources";
			outputPaths = (
			);
			runOnlyForDeploymentPostprocessing = 0;
			shellPath = /bin/sh;
			shellScript = "\"${SRCROOT}/Pods/Target Support Files/Pods-V_ROOT_IOT/Pods-V_ROOT_IOT-resources.sh\"\n";
			showEnvVarsInLog = 0;
		};
		9AA0273EA9F0D1A23B47E280 /* [CP] Check Pods Manifest.lock */ = {
			isa = PBXShellScriptBuildPhase;
			buildActionMask = 2147483647;
			files = (
			);
			inputPaths = (
				"${PODS_PODFILE_DIR_PATH}/Podfile.lock",
				"${PODS_ROOT}/Manifest.lock",
			);
			name = "[CP] Check Pods Manifest.lock";
			outputPaths = (
				"$(DERIVED_FILE_DIR)/Pods-V_ROOT_IOT-checkManifestLockResult.txt",
			);
			runOnlyForDeploymentPostprocessing = 0;
			shellPath = /bin/sh;
			shellScript = "diff \"${PODS_PODFILE_DIR_PATH}/Podfile.lock\" \"${PODS_ROOT}/Manifest.lock\" > /dev/null\nif [ $? != 0 ] ; then\n    # print error to STDERR\n    echo \"error: The sandbox is not in sync with the Podfile.lock. Run 'pod install' or update your CocoaPods installation.\" >&2\n    exit 1\nfi\n# This output is used by Xcode 'outputs' to avoid re-running this script phase.\necho \"SUCCESS\" > \"${SCRIPT_OUTPUT_FILE_0}\"\n";
			showEnvVarsInLog = 0;
		};
		DB4CAD0FCFC6564B421E1BAE /* [CP] Embed Pods Frameworks */ = {
			isa = PBXShellScriptBuildPhase;
			buildActionMask = 2147483647;
			files = (
			);
			inputPaths = (
				"${SRCROOT}/Pods/Target Support Files/Pods-V_ROOT_IOT/Pods-V_ROOT_IOT-frameworks.sh",
				"${BUILT_PRODUCTS_DIR}/Alamofire/Alamofire.framework",
				"${BUILT_PRODUCTS_DIR}/PromiseKit/PromiseKit.framework",
			);
			name = "[CP] Embed Pods Frameworks";
			outputPaths = (
				"${TARGET_BUILD_DIR}/${FRAMEWORKS_FOLDER_PATH}/Alamofire.framework",
				"${TARGET_BUILD_DIR}/${FRAMEWORKS_FOLDER_PATH}/PromiseKit.framework",
			);
			runOnlyForDeploymentPostprocessing = 0;
			shellPath = /bin/sh;
			shellScript = "\"${SRCROOT}/Pods/Target Support Files/Pods-V_ROOT_IOT/Pods-V_ROOT_IOT-frameworks.sh\"\n";
			showEnvVarsInLog = 0;
		};
/* End PBXShellScriptBuildPhase section */

/* Begin PBXSourcesBuildPhase section */
		3A4C1C382038202B0071D095 /* Sources */ = {
			isa = PBXSourcesBuildPhase;
			buildActionMask = 2147483647;
			files = (
				3A4C1C422038202B0071D095 /* ViewController.swift in Sources */,
				3A4C1C402038202B0071D095 /* AppDelegate.swift in Sources */,
				3A4C1C482038202B0071D095 /* V_ROOT_IOT.xcdatamodeld in Sources */,
			);
			runOnlyForDeploymentPostprocessing = 0;
		};
/* End PBXSourcesBuildPhase section */

/* Begin PBXVariantGroup section */
		3A4C1C432038202B0071D095 /* Main.storyboard */ = {
			isa = PBXVariantGroup;
			children = (
				3A4C1C442038202B0071D095 /* Base */,
			);
			name = Main.storyboard;
			sourceTree = "<group>";
		};
		3A4C1C4B2038202B0071D095 /* LaunchScreen.storyboard */ = {
			isa = PBXVariantGroup;
			children = (
				3A4C1C4C2038202B0071D095 /* Base */,
			);
			name = LaunchScreen.storyboard;
			sourceTree = "<group>";
		};
/* End PBXVariantGroup section */

/* Begin XCBuildConfiguration section */
		3A4C1C4F2038202B0071D095 /* Debug */ = {
			isa = XCBuildConfiguration;
			buildSettings = {
				ALWAYS_SEARCH_USER_PATHS = NO;
				CLANG_ANALYZER_NONNULL = YES;
				CLANG_ANALYZER_NUMBER_OBJECT_CONVERSION = YES_AGGRESSIVE;
				CLANG_CXX_LANGUAGE_STANDARD = "gnu++14";
				CLANG_CXX_LIBRARY = "libc++";
				CLANG_ENABLE_MODULES = YES;
				CLANG_ENABLE_OBJC_ARC = YES;
				CLANG_WARN_BLOCK_CAPTURE_AUTORELEASING = YES;
				CLANG_WARN_BOOL_CONVERSION = YES;
				CLANG_WARN_COMMA = YES;
				CLANG_WARN_CONSTANT_CONVERSION = YES;
				CLANG_WARN_DIRECT_OBJC_ISA_USAGE = YES_ERROR;
				CLANG_WARN_DOCUMENTATION_COMMENTS = YES;
				CLANG_WARN_EMPTY_BODY = YES;
				CLANG_WARN_ENUM_CONVERSION = YES;
				CLANG_WARN_INFINITE_RECURSION = YES;
				CLANG_WARN_INT_CONVERSION = YES;
				CLANG_WARN_NON_LITERAL_NULL_CONVERSION = YES;
				CLANG_WARN_OBJC_LITERAL_CONVERSION = YES;
				CLANG_WARN_OBJC_ROOT_CLASS = YES_ERROR;
				CLANG_WARN_RANGE_LOOP_ANALYSIS = YES;
				CLANG_WARN_STRICT_PROTOTYPES = YES;
				CLANG_WARN_SUSPICIOUS_MOVE = YES;
				CLANG_WARN_UNGUARDED_AVAILABILITY = YES_AGGRESSIVE;
				CLANG_WARN_UNREACHABLE_CODE = YES;
				CLANG_WARN__DUPLICATE_METHOD_MATCH = YES;
				CODE_SIGN_IDENTITY = "iPhone Developer";
				COPY_PHASE_STRIP = NO;
				DEBUG_INFORMATION_FORMAT = dwarf;
				ENABLE_STRICT_OBJC_MSGSEND = YES;
				ENABLE_TESTABILITY = YES;
				GCC_C_LANGUAGE_STANDARD = gnu11;
				GCC_DYNAMIC_NO_PIC = NO;
				GCC_NO_COMMON_BLOCKS = YES;
				GCC_OPTIMIZATION_LEVEL = 0;
				GCC_PREPROCESSOR_DEFINITIONS = (
					"DEBUG=1",
					"$(inherited)",
				);
				GCC_WARN_64_TO_32_BIT_CONVERSION = YES;
				GCC_WARN_ABOUT_RETURN_TYPE = YES_ERROR;
				GCC_WARN_UNDECLARED_SELECTOR = YES;
				GCC_WARN_UNINITIALIZED_AUTOS = YES_AGGRESSIVE;
				GCC_WARN_UNUSED_FUNCTION = YES;
				GCC_WARN_UNUSED_VARIABLE = YES;
				IPHONEOS_DEPLOYMENT_TARGET = 11.2;
				MTL_ENABLE_DEBUG_INFO = YES;
				ONLY_ACTIVE_ARCH = YES;
				SDKROOT = iphoneos;
				SWIFT_ACTIVE_COMPILATION_CONDITIONS = DEBUG;
				SWIFT_OPTIMIZATION_LEVEL = "-Onone";
			};
			name = Debug;
		};
		3A4C1C502038202B0071D095 /* Release */ = {
			isa = XCBuildConfiguration;
			buildSettings = {
				ALWAYS_SEARCH_USER_PATHS = NO;
				CLANG_ANALYZER_NONNULL = YES;
				CLANG_ANALYZER_NUMBER_OBJECT_CONVERSION = YES_AGGRESSIVE;
				CLANG_CXX_LANGUAGE_STANDARD = "gnu++14";
				CLANG_CXX_LIBRARY = "libc++";
				CLANG_ENABLE_MODULES = YES;
				CLANG_ENABLE_OBJC_ARC = YES;
				CLANG_WARN_BLOCK_CAPTURE_AUTORELEASING = YES;
				CLANG_WARN_BOOL_CONVERSION = YES;
				CLANG_WARN_COMMA = YES;
				CLANG_WARN_CONSTANT_CONVERSION = YES;
				CLANG_WARN_DIRECT_OBJC_ISA_USAGE = YES_ERROR;
				CLANG_WARN_DOCUMENTATION_COMMENTS = YES;
				CLANG_WARN_EMPTY_BODY = YES;
				CLANG_WARN_ENUM_CONVERSION = YES;
				CLANG_WARN_INFINITE_RECURSION = YES;
				CLANG_WARN_INT_CONVERSION = YES;
				CLANG_WARN_NON_LITERAL_NULL_CONVERSION = YES;
				CLANG_WARN_OBJC_LITERAL_CONVERSION = YES;
				CLANG_WARN_OBJC_ROOT_CLASS = YES_ERROR;
				CLANG_WARN_RANGE_LOOP_ANALYSIS = YES;
				CLANG_WARN_STRICT_PROTOTYPES = YES;
				CLANG_WARN_SUSPICIOUS_MOVE = YES;
				CLANG_WARN_UNGUARDED_AVAILABILITY = YES_AGGRESSIVE;
				CLANG_WARN_UNREACHABLE_CODE = YES;
				CLANG_WARN__DUPLICATE_METHOD_MATCH = YES;
				CODE_SIGN_IDENTITY = "iPhone Developer";
				COPY_PHASE_STRIP = NO;
				DEBUG_INFORMATION_FORMAT = "dwarf-with-dsym";
				ENABLE_NS_ASSERTIONS = NO;
				ENABLE_STRICT_OBJC_MSGSEND = YES;
				GCC_C_LANGUAGE_STANDARD = gnu11;
				GCC_NO_COMMON_BLOCKS = YES;
				GCC_WARN_64_TO_32_BIT_CONVERSION = YES;
				GCC_WARN_ABOUT_RETURN_TYPE = YES_ERROR;
				GCC_WARN_UNDECLARED_SELECTOR = YES;
				GCC_WARN_UNINITIALIZED_AUTOS = YES_AGGRESSIVE;
				GCC_WARN_UNUSED_FUNCTION = YES;
				GCC_WARN_UNUSED_VARIABLE = YES;
				IPHONEOS_DEPLOYMENT_TARGET = 11.2;
				MTL_ENABLE_DEBUG_INFO = NO;
				SDKROOT = iphoneos;
				SWIFT_OPTIMIZATION_LEVEL = "-Owholemodule";
				VALIDATE_PRODUCT = YES;
			};
			name = Release;
		};
		3A4C1C522038202B0071D095 /* Debug */ = {
			isa = XCBuildConfiguration;
			baseConfigurationReference = 10788EB31637DA08162ECB5D /* Pods-V_ROOT_IOT.debug.xcconfig */;
			buildSettings = {
				ASSETCATALOG_COMPILER_APPICON_NAME = AppIcon;
				CODE_SIGN_STYLE = Automatic;
				DEVELOPMENT_TEAM = 22U234HGU8;
				INFOPLIST_FILE = V_ROOT_IOT/Info.plist;
				LD_RUNPATH_SEARCH_PATHS = "$(inherited) @executable_path/Frameworks";
				PRODUCT_BUNDLE_IDENTIFIER = "vihlayew.V-ROOT-IOT";
				PRODUCT_NAME = "$(TARGET_NAME)";
				SWIFT_VERSION = 4.0;
				TARGETED_DEVICE_FAMILY = "1,2";
			};
			name = Debug;
		};
		3A4C1C532038202B0071D095 /* Release */ = {
			isa = XCBuildConfiguration;
			baseConfigurationReference = 4ED241BADD204CA3FE2F9E2E /* Pods-V_ROOT_IOT.release.xcconfig */;
			buildSettings = {
				ASSETCATALOG_COMPILER_APPICON_NAME = AppIcon;
				CODE_SIGN_STYLE = Automatic;
				DEVELOPMENT_TEAM = 22U234HGU8;
				INFOPLIST_FILE = V_ROOT_IOT/Info.plist;
				LD_RUNPATH_SEARCH_PATHS = "$(inherited) @executable_path/Frameworks";
				PRODUCT_BUNDLE_IDENTIFIER = "vihlayew.V-ROOT-IOT";
				PRODUCT_NAME = "$(TARGET_NAME)";
				SWIFT_VERSION = 4.0;
				TARGETED_DEVICE_FAMILY = "1,2";
			};
			name = Release;
		};
/* End XCBuildConfiguration section */

/* Begin XCConfigurationList section */
		3A4C1C372038202B0071D095 /* Build configuration list for PBXProject "V_ROOT_IOT" */ = {
			isa = XCConfigurationList;
			buildConfigurations = (
				3A4C1C4F2038202B0071D095 /* Debug */,
				3A4C1C502038202B0071D095 /* Release */,
			);
			defaultConfigurationIsVisible = 0;
			defaultConfigurationName = Release;
		};
		3A4C1C512038202B0071D095 /* Build configuration list for PBXNativeTarget "V_ROOT_IOT" */ = {
			isa = XCConfigurationList;
			buildConfigurations = (
				3A4C1C522038202B0071D095 /* Debug */,
				3A4C1C532038202B0071D095 /* Release */,
			);
			defaultConfigurationIsVisible = 0;
			defaultConfigurationName = Release;
		};
/* End XCConfigurationList section */

/* Begin XCVersionGroup section */
		3A4C1C462038202B0071D095 /* V_ROOT_IOT.xcdatamodeld */ = {
			isa = XCVersionGroup;
			children = (
				3A4C1C472038202B0071D095 /* V_ROOT_IOT.xcdatamodel */,
			);
			currentVersion = 3A4C1C472038202B0071D095 /* V_ROOT_IOT.xcdatamodel */;
			path = V_ROOT_IOT.xcdatamodeld;
			sourceTree = "<group>";
			versionGroupType = wrapper.xcdatamodel;
		};
/* End XCVersionGroup section */
	};
	rootObject = 3A4C1C342038202B0071D095 /* Project object */;
}
